
Microsoft Visual Studio Solution File, Format Version 12.00
# Visual Studio Version 17
VisualStudioVersion = 17.3.32929.385
MinimumVisualStudioVersion = 10.0.40219.1
Project("{FAE04EC0-301F-11D3-BF4B-00C04F79EFBC}") = "RuneSharpTest", "RuneSharpTest\RuneSharpTest.csproj", "{0C847A49-BB64-48E5-A186-E4DAAD52C590}"
EndProject
Project("{9A19103F-16F7-4668-BE54-9A1E7A4F7556}") = "RuneSharp", "RuneSharp\RuneSharp.csproj", "{3A69DE2F-6CF8-44F3-85C8-D5D0FAA2B97A}"
EndProject
Global
	GlobalSection(SolutionConfigurationPlatforms) = preSolution
		Debug|Any CPU = Debug|Any CPU
		Release|Any CPU = Release|Any CPU
	EndGlobalSection
	GlobalSection(ProjectConfigurationPlatforms) = postSolution
		{0C847A49-BB64-48E5-A186-E4DAAD52C590}.Debug|Any CPU.ActiveCfg = Debug|Any CPU
		{0C847A49-BB64-48E5-A186-E4DAAD52C590}.Debug|Any CPU.Build.0 = Debug|Any CPU
		{0C847A49-BB64-48E5-A186-E4DAAD52C590}.Release|Any CPU.ActiveCfg = Release|Any CPU
		{0C847A49-BB64-48E5-A186-E4DAAD52C590}.Release|Any CPU.Build.0 = Release|Any CPU
		{3A69DE2F-6CF8-44F3-85C8-D5D0FAA2B97A}.Debug|Any CPU.ActiveCfg = Debug|Any CPU
		{3A69DE2F-6CF8-44F3-85C8-D5D0FAA2B97A}.Debug|Any CPU.Build.0 = Debug|Any CPU
		{3A69DE2F-6CF8-44F3-85C8-D5D0FAA2B97A}.Release|Any CPU.ActiveCfg = Release|Any CPU
		{3A69DE2F-6CF8-44F3-85C8-D5D0FAA2B97A}.Release|Any CPU.Build.0 = Release|Any CPU
	EndGlobalSection
	GlobalSection(SolutionProperties) = preSolution
		HideSolutionNode = FALSE
	EndGlobalSection
	GlobalSection(ExtensibilityGlobals) = postSolution
		SolutionGuid = {A3300544-9C87-4BE2-AE48-A4D8630BD36D}
	EndGlobalSection
EndGlobal
